
Microsoft Visual Studio Solution File, Format Version 12.00
# Visual Studio Version 16
VisualStudioVersion = 16.0.30114.105
MinimumVisualStudioVersion = 10.0.40219.1
Project("{2150E333-8FDC-42A3-9474-1A3956D46DE8}") = "Common", "Common", "{6D265C95-B70B-446C-AA38-A991CD484F0C}"
EndProject
Project("{9A19103F-16F7-4668-BE54-9A1E7A4F7556}") = "WeatherAcquisition.Domain", "Common\WeatherAcquisition.Domain\WeatherAcquisition.Domain.csproj", "{2F6EE236-E0A7-4EC8-AC73-45C574471F79}"
EndProject
Project("{2150E333-8FDC-42A3-9474-1A3956D46DE8}") = "Data", "Data", "{855BBF50-E0F2-49B0-B941-3D212D864C9B}"
EndProject
Project("{9A19103F-16F7-4668-BE54-9A1E7A4F7556}") = "WeatherAcquisition.DAL.SqlServer", "Data\WeatherAcquisition.DAL.SqlServer\WeatherAcquisition.DAL.SqlServer.csproj", "{7C48FEB1-43B7-46A0-830A-AECC5EEC72CB}"
EndProject
Project("{9A19103F-16F7-4668-BE54-9A1E7A4F7556}") = "WeatherAcquisition.DAL", "Data\WeatherAcquisition.DAL\WeatherAcquisition.DAL.csproj", "{E4E97644-F8D5-44FF-AE0B-F9756A87171F}"
EndProject
Project("{9A19103F-16F7-4668-BE54-9A1E7A4F7556}") = "WeatherAcquisition.Domain.Base", "Common\WeatherAcquisition.Domain.Base\WeatherAcquisition.Domain.Base.csproj", "{0A47767A-3F0A-48C2-B9B5-4180B637AE33}"
EndProject
Project("{2150E333-8FDC-42A3-9474-1A3956D46DE8}") = "Services", "Services", "{A2E92FBD-3A1D-42B5-BAA4-FE3C97DAF756}"
EndProject
Project("{2150E333-8FDC-42A3-9474-1A3956D46DE8}") = "UI", "UI", "{3A7F17A1-5FE9-4AFD-B9CC-FCC198BDC27D}"
EndProject
Project("{9A19103F-16F7-4668-BE54-9A1E7A4F7556}") = "WeatherAcquisition.API", "Services\WeatherAcquisition.API\WeatherAcquisition.API.csproj", "{4FB6AA4F-0D2F-4B4F-BFC0-BA1F84CC9717}"
EndProject
Project("{9A19103F-16F7-4668-BE54-9A1E7A4F7556}") = "WeatherAcquisition.Interfaces", "Services\WeatherAcquisition.Interfaces\WeatherAcquisition.Interfaces.csproj", "{1A89C2C1-7C37-464F-BCC7-AF2824E44EAC}"
EndProject
Project("{9A19103F-16F7-4668-BE54-9A1E7A4F7556}") = "WeatherAcquisition.Interfaces.Base", "Services\WeatherAcquisition.Interfaces.Base\WeatherAcquisition.Interfaces.Base.csproj", "{12750093-5BB8-4329-9EB0-2A8FDEAFA14B}"
EndProject
Project("{9A19103F-16F7-4668-BE54-9A1E7A4F7556}") = "WeatherAcquisition.WebAPIClients", "Services\WeatherAcquisition.WebAPIClients\WeatherAcquisition.WebAPIClients.csproj", "{043DAC3F-EA29-42C0-8692-B667080ED484}"
EndProject
Project("{9A19103F-16F7-4668-BE54-9A1E7A4F7556}") = "WeatherAcquisition.ConsoleUI", "UI\WeatherAcquisition.ConsoleUI\WeatherAcquisition.ConsoleUI.csproj", "{88D2AAF5-F90F-4E6A-9F5A-84965437E526}"
EndProject
Project("{9A19103F-16F7-4668-BE54-9A1E7A4F7556}") = "WeatherAcquisition.WPF", "UI\WeatherAcquisition.WPF\WeatherAcquisition.WPF.csproj", "{21FAD742-EA03-4F5A-ABF4-D2E90489E763}"
EndProject
Global
	GlobalSection(SolutionConfigurationPlatforms) = preSolution
		Debug|Any CPU = Debug|Any CPU
		Debug|x64 = Debug|x64
		Debug|x86 = Debug|x86
		Release|Any CPU = Release|Any CPU
		Release|x64 = Release|x64
		Release|x86 = Release|x86
	EndGlobalSection
	GlobalSection(ProjectConfigurationPlatforms) = postSolution
		{2F6EE236-E0A7-4EC8-AC73-45C574471F79}.Debug|Any CPU.ActiveCfg = Debug|Any CPU
		{2F6EE236-E0A7-4EC8-AC73-45C574471F79}.Debug|Any CPU.Build.0 = Debug|Any CPU
		{2F6EE236-E0A7-4EC8-AC73-45C574471F79}.Debug|x64.ActiveCfg = Debug|Any CPU
		{2F6EE236-E0A7-4EC8-AC73-45C574471F79}.Debug|x64.Build.0 = Debug|Any CPU
		{2F6EE236-E0A7-4EC8-AC73-45C574471F79}.Debug|x86.ActiveCfg = Debug|Any CPU
		{2F6EE236-E0A7-4EC8-AC73-45C574471F79}.Debug|x86.Build.0 = Debug|Any CPU
		{2F6EE236-E0A7-4EC8-AC73-45C574471F79}.Release|Any CPU.ActiveCfg = Release|Any CPU
		{2F6EE236-E0A7-4EC8-AC73-45C574471F79}.Release|Any CPU.Build.0 = Release|Any CPU
		{2F6EE236-E0A7-4EC8-AC73-45C574471F79}.Release|x64.ActiveCfg = Release|Any CPU
		{2F6EE236-E0A7-4EC8-AC73-45C574471F79}.Release|x64.Build.0 = Release|Any CPU
		{2F6EE236-E0A7-4EC8-AC73-45C574471F79}.Release|x86.ActiveCfg = Release|Any CPU
		{2F6EE236-E0A7-4EC8-AC73-45C574471F79}.Release|x86.Build.0 = Release|Any CPU
		{7C48FEB1-43B7-46A0-830A-AECC5EEC72CB}.Debug|Any CPU.ActiveCfg = Debug|Any CPU
		{7C48FEB1-43B7-46A0-830A-AECC5EEC72CB}.Debug|Any CPU.Build.0 = Debug|Any CPU
		{7C48FEB1-43B7-46A0-830A-AECC5EEC72CB}.Debug|x64.ActiveCfg = Debug|Any CPU
		{7C48FEB1-43B7-46A0-830A-AECC5EEC72CB}.Debug|x64.Build.0 = Debug|Any CPU
		{7C48FEB1-43B7-46A0-830A-AECC5EEC72CB}.Debug|x86.ActiveCfg = Debug|Any CPU
		{7C48FEB1-43B7-46A0-830A-AECC5EEC72CB}.Debug|x86.Build.0 = Debug|Any CPU
		{7C48FEB1-43B7-46A0-830A-AECC5EEC72CB}.Release|Any CPU.ActiveCfg = Release|Any CPU
		{7C48FEB1-43B7-46A0-830A-AECC5EEC72CB}.Release|Any CPU.Build.0 = Release|Any CPU
		{7C48FEB1-43B7-46A0-830A-AECC5EEC72CB}.Release|x64.ActiveCfg = Release|Any CPU
		{7C48FEB1-43B7-46A0-830A-AECC5EEC72CB}.Release|x64.Build.0 = Release|Any CPU
		{7C48FEB1-43B7-46A0-830A-AECC5EEC72CB}.Release|x86.ActiveCfg = Release|Any CPU
		{7C48FEB1-43B7-46A0-830A-AECC5EEC72CB}.Release|x86.Build.0 = Release|Any CPU
		{E4E97644-F8D5-44FF-AE0B-F9756A87171F}.Debug|Any CPU.ActiveCfg = Debug|Any CPU
		{E4E97644-F8D5-44FF-AE0B-F9756A87171F}.Debug|Any CPU.Build.0 = Debug|Any CPU
		{E4E97644-F8D5-44FF-AE0B-F9756A87171F}.Debug|x64.ActiveCfg = Debug|Any CPU
		{E4E97644-F8D5-44FF-AE0B-F9756A87171F}.Debug|x64.Build.0 = Debug|Any CPU
		{E4E97644-F8D5-44FF-AE0B-F9756A87171F}.Debug|x86.ActiveCfg = Debug|Any CPU
		{E4E97644-F8D5-44FF-AE0B-F9756A87171F}.Debug|x86.Build.0 = Debug|Any CPU
		{E4E97644-F8D5-44FF-AE0B-F9756A87171F}.Release|Any CPU.ActiveCfg = Release|Any CPU
		{E4E97644-F8D5-44FF-AE0B-F9756A87171F}.Release|Any CPU.Build.0 = Release|Any CPU
		{E4E97644-F8D5-44FF-AE0B-F9756A87171F}.Release|x64.ActiveCfg = Release|Any CPU
		{E4E97644-F8D5-44FF-AE0B-F9756A87171F}.Release|x64.Build.0 = Release|Any CPU
		{E4E97644-F8D5-44FF-AE0B-F9756A87171F}.Release|x86.ActiveCfg = Release|Any CPU
		{E4E97644-F8D5-44FF-AE0B-F9756A87171F}.Release|x86.Build.0 = Release|Any CPU
		{0A47767A-3F0A-48C2-B9B5-4180B637AE33}.Debug|Any CPU.ActiveCfg = Debug|Any CPU
		{0A47767A-3F0A-48C2-B9B5-4180B637AE33}.Debug|Any CPU.Build.0 = Debug|Any CPU
		{0A47767A-3F0A-48C2-B9B5-4180B637AE33}.Debug|x64.ActiveCfg = Debug|Any CPU
		{0A47767A-3F0A-48C2-B9B5-4180B637AE33}.Debug|x64.Build.0 = Debug|Any CPU
		{0A47767A-3F0A-48C2-B9B5-4180B637AE33}.Debug|x86.ActiveCfg = Debug|Any CPU
		{0A47767A-3F0A-48C2-B9B5-4180B637AE33}.Debug|x86.Build.0 = Debug|Any CPU
		{0A47767A-3F0A-48C2-B9B5-4180B637AE33}.Release|Any CPU.ActiveCfg = Release|Any CPU
		{0A47767A-3F0A-48C2-B9B5-4180B637AE33}.Release|Any CPU.Build.0 = Release|Any CPU
		{0A47767A-3F0A-48C2-B9B5-4180B637AE33}.Release|x64.ActiveCfg = Release|Any CPU
		{0A47767A-3F0A-48C2-B9B5-4180B637AE33}.Release|x64.Build.0 = Release|Any CPU
		{0A47767A-3F0A-48C2-B9B5-4180B637AE33}.Release|x86.ActiveCfg = Release|Any CPU
		{0A47767A-3F0A-48C2-B9B5-4180B637AE33}.Release|x86.Build.0 = Release|Any CPU
		{4FB6AA4F-0D2F-4B4F-BFC0-BA1F84CC9717}.Debug|Any CPU.ActiveCfg = Debug|Any CPU
		{4FB6AA4F-0D2F-4B4F-BFC0-BA1F84CC9717}.Debug|Any CPU.Build.0 = Debug|Any CPU
		{4FB6AA4F-0D2F-4B4F-BFC0-BA1F84CC9717}.Debug|x64.ActiveCfg = Debug|Any CPU
		{4FB6AA4F-0D2F-4B4F-BFC0-BA1F84CC9717}.Debug|x64.Build.0 = Debug|Any CPU
		{4FB6AA4F-0D2F-4B4F-BFC0-BA1F84CC9717}.Debug|x86.ActiveCfg = Debug|Any CPU
		{4FB6AA4F-0D2F-4B4F-BFC0-BA1F84CC9717}.Debug|x86.Build.0 = Debug|Any CPU
		{4FB6AA4F-0D2F-4B4F-BFC0-BA1F84CC9717}.Release|Any CPU.ActiveCfg = Release|Any CPU
		{4FB6AA4F-0D2F-4B4F-BFC0-BA1F84CC9717}.Release|Any CPU.Build.0 = Release|Any CPU
		{4FB6AA4F-0D2F-4B4F-BFC0-BA1F84CC9717}.Release|x64.ActiveCfg = Release|Any CPU
		{4FB6AA4F-0D2F-4B4F-BFC0-BA1F84CC9717}.Release|x64.Build.0 = Release|Any CPU
		{4FB6AA4F-0D2F-4B4F-BFC0-BA1F84CC9717}.Release|x86.ActiveCfg = Release|Any CPU
		{4FB6AA4F-0D2F-4B4F-BFC0-BA1F84CC9717}.Release|x86.Build.0 = Release|Any CPU
		{1A89C2C1-7C37-464F-BCC7-AF2824E44EAC}.Debug|Any CPU.ActiveCfg = Debug|Any CPU
		{1A89C2C1-7C37-464F-BCC7-AF2824E44EAC}.Debug|Any CPU.Build.0 = Debug|Any CPU
		{1A89C2C1-7C37-464F-BCC7-AF2824E44EAC}.Debug|x64.ActiveCfg = Debug|Any CPU
		{1A89C2C1-7C37-464F-BCC7-AF2824E44EAC}.Debug|x64.Build.0 = Debug|Any CPU
		{1A89C2C1-7C37-464F-BCC7-AF2824E44EAC}.Debug|x86.ActiveCfg = Debug|Any CPU
		{1A89C2C1-7C37-464F-BCC7-AF2824E44EAC}.Debug|x86.Build.0 = Debug|Any CPU
		{1A89C2C1-7C37-464F-BCC7-AF2824E44EAC}.Release|Any CPU.ActiveCfg = Release|Any CPU
		{1A89C2C1-7C37-464F-BCC7-AF2824E44EAC}.Release|Any CPU.Build.0 = Release|Any CPU
		{1A89C2C1-7C37-464F-BCC7-AF2824E44EAC}.Release|x64.ActiveCfg = Release|Any CPU
		{1A89C2C1-7C37-464F-BCC7-AF2824E44EAC}.Release|x64.Build.0 = Release|Any CPU
		{1A89C2C1-7C37-464F-BCC7-AF2824E44EAC}.Release|x86.ActiveCfg = Release|Any CPU
		{1A89C2C1-7C37-464F-BCC7-AF2824E44EAC}.Release|x86.Build.0 = Release|Any CPU
		{12750093-5BB8-4329-9EB0-2A8FDEAFA14B}.Debug|Any CPU.ActiveCfg = Debug|Any CPU
		{12750093-5BB8-4329-9EB0-2A8FDEAFA14B}.Debug|Any CPU.Build.0 = Debug|Any CPU
		{12750093-5BB8-4329-9EB0-2A8FDEAFA14B}.Debug|x64.ActiveCfg = Debug|Any CPU
		{12750093-5BB8-4329-9EB0-2A8FDEAFA14B}.Debug|x64.Build.0 = Debug|Any CPU
		{12750093-5BB8-4329-9EB0-2A8FDEAFA14B}.Debug|x86.ActiveCfg = Debug|Any CPU
		{12750093-5BB8-4329-9EB0-2A8FDEAFA14B}.Debug|x86.Build.0 = Debug|Any CPU
		{12750093-5BB8-4329-9EB0-2A8FDEAFA14B}.Release|Any CPU.ActiveCfg = Release|Any CPU
		{12750093-5BB8-4329-9EB0-2A8FDEAFA14B}.Release|Any CPU.Build.0 = Release|Any CPU
		{12750093-5BB8-4329-9EB0-2A8FDEAFA14B}.Release|x64.ActiveCfg = Release|Any CPU
		{12750093-5BB8-4329-9EB0-2A8FDEAFA14B}.Release|x64.Build.0 = Release|Any CPU
		{12750093-5BB8-4329-9EB0-2A8FDEAFA14B}.Release|x86.ActiveCfg = Release|Any CPU
		{12750093-5BB8-4329-9EB0-2A8FDEAFA14B}.Release|x86.Build.0 = Release|Any CPU
		{043DAC3F-EA29-42C0-8692-B667080ED484}.Debug|Any CPU.ActiveCfg = Debug|Any CPU
		{043DAC3F-EA29-42C0-8692-B667080ED484}.Debug|Any CPU.Build.0 = Debug|Any CPU
		{043DAC3F-EA29-42C0-8692-B667080ED484}.Debug|x64.ActiveCfg = Debug|Any CPU
		{043DAC3F-EA29-42C0-8692-B667080ED484}.Debug|x64.Build.0 = Debug|Any CPU
		{043DAC3F-EA29-42C0-8692-B667080ED484}.Debug|x86.ActiveCfg = Debug|Any CPU
		{043DAC3F-EA29-42C0-8692-B667080ED484}.Debug|x86.Build.0 = Debug|Any CPU
		{043DAC3F-EA29-42C0-8692-B667080ED484}.Release|Any CPU.ActiveCfg = Release|Any CPU
		{043DAC3F-EA29-42C0-8692-B667080ED484}.Release|Any CPU.Build.0 = Release|Any CPU
		{043DAC3F-EA29-42C0-8692-B667080ED484}.Release|x64.ActiveCfg = Release|Any CPU
		{043DAC3F-EA29-42C0-8692-B667080ED484}.Release|x64.Build.0 = Release|Any CPU
		{043DAC3F-EA29-42C0-8692-B667080ED484}.Release|x86.ActiveCfg = Release|Any CPU
		{043DAC3F-EA29-42C0-8692-B667080ED484}.Release|x86.Build.0 = Release|Any CPU
		{88D2AAF5-F90F-4E6A-9F5A-84965437E526}.Debug|Any CPU.ActiveCfg = Debug|Any CPU
		{88D2AAF5-F90F-4E6A-9F5A-84965437E526}.Debug|Any CPU.Build.0 = Debug|Any CPU
		{88D2AAF5-F90F-4E6A-9F5A-84965437E526}.Debug|x64.ActiveCfg = Debug|Any CPU
		{88D2AAF5-F90F-4E6A-9F5A-84965437E526}.Debug|x64.Build.0 = Debug|Any CPU
		{88D2AAF5-F90F-4E6A-9F5A-84965437E526}.Debug|x86.ActiveCfg = Debug|Any CPU
		{88D2AAF5-F90F-4E6A-9F5A-84965437E526}.Debug|x86.Build.0 = Debug|Any CPU
		{88D2AAF5-F90F-4E6A-9F5A-84965437E526}.Release|Any CPU.ActiveCfg = Release|Any CPU
		{88D2AAF5-F90F-4E6A-9F5A-84965437E526}.Release|Any CPU.Build.0 = Release|Any CPU
		{88D2AAF5-F90F-4E6A-9F5A-84965437E526}.Release|x64.ActiveCfg = Release|Any CPU
		{88D2AAF5-F90F-4E6A-9F5A-84965437E526}.Release|x64.Build.0 = Release|Any CPU
		{88D2AAF5-F90F-4E6A-9F5A-84965437E526}.Release|x86.ActiveCfg = Release|Any CPU
		{88D2AAF5-F90F-4E6A-9F5A-84965437E526}.Release|x86.Build.0 = Release|Any CPU
		{21FAD742-EA03-4F5A-ABF4-D2E90489E763}.Debug|Any CPU.ActiveCfg = Debug|Any CPU
		{21FAD742-EA03-4F5A-ABF4-D2E90489E763}.Debug|Any CPU.Build.0 = Debug|Any CPU
		{21FAD742-EA03-4F5A-ABF4-D2E90489E763}.Debug|x64.ActiveCfg = Debug|Any CPU
		{21FAD742-EA03-4F5A-ABF4-D2E90489E763}.Debug|x64.Build.0 = Debug|Any CPU
		{21FAD742-EA03-4F5A-ABF4-D2E90489E763}.Debug|x86.ActiveCfg = Debug|Any CPU
		{21FAD742-EA03-4F5A-ABF4-D2E90489E763}.Debug|x86.Build.0 = Debug|Any CPU
		{21FAD742-EA03-4F5A-ABF4-D2E90489E763}.Release|Any CPU.ActiveCfg = Release|Any CPU
		{21FAD742-EA03-4F5A-ABF4-D2E90489E763}.Release|Any CPU.Build.0 = Release|Any CPU
		{21FAD742-EA03-4F5A-ABF4-D2E90489E763}.Release|x64.ActiveCfg = Release|Any CPU
		{21FAD742-EA03-4F5A-ABF4-D2E90489E763}.Release|x64.Build.0 = Release|Any CPU
		{21FAD742-EA03-4F5A-ABF4-D2E90489E763}.Release|x86.ActiveCfg = Release|Any CPU
		{21FAD742-EA03-4F5A-ABF4-D2E90489E763}.Release|x86.Build.0 = Release|Any CPU
	EndGlobalSection
	GlobalSection(SolutionProperties) = preSolution
		HideSolutionNode = FALSE
	EndGlobalSection
	GlobalSection(NestedProjects) = preSolution
		{2F6EE236-E0A7-4EC8-AC73-45C574471F79} = {6D265C95-B70B-446C-AA38-A991CD484F0C}
		{7C48FEB1-43B7-46A0-830A-AECC5EEC72CB} = {855BBF50-E0F2-49B0-B941-3D212D864C9B}
		{E4E97644-F8D5-44FF-AE0B-F9756A87171F} = {855BBF50-E0F2-49B0-B941-3D212D864C9B}
		{0A47767A-3F0A-48C2-B9B5-4180B637AE33} = {6D265C95-B70B-446C-AA38-A991CD484F0C}
		{4FB6AA4F-0D2F-4B4F-BFC0-BA1F84CC9717} = {A2E92FBD-3A1D-42B5-BAA4-FE3C97DAF756}
		{1A89C2C1-7C37-464F-BCC7-AF2824E44EAC} = {A2E92FBD-3A1D-42B5-BAA4-FE3C97DAF756}
		{12750093-5BB8-4329-9EB0-2A8FDEAFA14B} = {A2E92FBD-3A1D-42B5-BAA4-FE3C97DAF756}
		{043DAC3F-EA29-42C0-8692-B667080ED484} = {A2E92FBD-3A1D-42B5-BAA4-FE3C97DAF756}
		{88D2AAF5-F90F-4E6A-9F5A-84965437E526} = {3A7F17A1-5FE9-4AFD-B9CC-FCC198BDC27D}
		{21FAD742-EA03-4F5A-ABF4-D2E90489E763} = {3A7F17A1-5FE9-4AFD-B9CC-FCC198BDC27D}
	EndGlobalSection
	GlobalSection(ExtensibilityGlobals) = postSolution
		SolutionGuid = {0B0EAE4B-C0FE-424B-A042-CAC4D573130B}
	EndGlobalSection
EndGlobal
